
Microsoft Visual Studio Solution File, Format Version 12.00
# Visual Studio Version 17
VisualStudioVersion = 17.5.33530.505
MinimumVisualStudioVersion = 10.0.40219.1
Project("{FAE04EC0-301F-11D3-BF4B-00C04F79EFBC}") = "HelloGame", "HelloGame\HelloGame.csproj", "{119D388F-8DEC-48DB-9602-0F96CC8FAD04}"
EndProject
Global
	GlobalSection(SolutionConfigurationPlatforms) = preSolution
		Debug|Any CPU = Debug|Any CPU
		Release|Any CPU = Release|Any CPU
	EndGlobalSection
	GlobalSection(ProjectConfigurationPlatforms) = postSolution
		{119D388F-8DEC-48DB-9602-0F96CC8FAD04}.Debug|Any CPU.ActiveCfg = Debug|Any CPU
		{119D388F-8DEC-48DB-9602-0F96CC8FAD04}.Debug|Any CPU.Build.0 = Debug|Any CPU
		{119D388F-8DEC-48DB-9602-0F96CC8FAD04}.Release|Any CPU.ActiveCfg = Release|Any CPU
		{119D388F-8DEC-48DB-9602-0F96CC8FAD04}.Release|Any CPU.Build.0 = Release|Any CPU
	EndGlobalSection
	GlobalSection(SolutionProperties) = preSolution
		HideSolutionNode = FALSE
	EndGlobalSection
	GlobalSection(ExtensibilityGlobals) = postSolution
		SolutionGuid = {4FAE12C8-BED9-4989-B66D-72560EAFE669}
	EndGlobalSection
EndGlobal
